
Microsoft Visual Studio Solution File, Format Version 12.00
# Visual Studio Version 17
VisualStudioVersion = 17.8.34309.116
MinimumVisualStudioVersion = 10.0.40219.1
Project("{FAE04EC0-301F-11D3-BF4B-00C04F79EFBC}") = "Grafo", "Grafo\Grafo.csproj", "{F5025D48-B09A-4AA5-B939-E4C5FF209B06}"
EndProject
Project("{FAE04EC0-301F-11D3-BF4B-00C04F79EFBC}") = "ClassGrafoEntidades", "ClassGrafoEntidades\ClassGrafoEntidades.csproj", "{68F3F3B3-7FAE-4B9A-8527-5E268A2D8C5E}"
EndProject
Global
	GlobalSection(SolutionConfigurationPlatforms) = preSolution
		Debug|Any CPU = Debug|Any CPU
		Release|Any CPU = Release|Any CPU
	EndGlobalSection
	GlobalSection(ProjectConfigurationPlatforms) = postSolution
		{F5025D48-B09A-4AA5-B939-E4C5FF209B06}.Debug|Any CPU.ActiveCfg = Debug|Any CPU
		{F5025D48-B09A-4AA5-B939-E4C5FF209B06}.Debug|Any CPU.Build.0 = Debug|Any CPU
		{F5025D48-B09A-4AA5-B939-E4C5FF209B06}.Release|Any CPU.ActiveCfg = Release|Any CPU
		{F5025D48-B09A-4AA5-B939-E4C5FF209B06}.Release|Any CPU.Build.0 = Release|Any CPU
		{68F3F3B3-7FAE-4B9A-8527-5E268A2D8C5E}.Debug|Any CPU.ActiveCfg = Debug|Any CPU
		{68F3F3B3-7FAE-4B9A-8527-5E268A2D8C5E}.Debug|Any CPU.Build.0 = Debug|Any CPU
		{68F3F3B3-7FAE-4B9A-8527-5E268A2D8C5E}.Release|Any CPU.ActiveCfg = Release|Any CPU
		{68F3F3B3-7FAE-4B9A-8527-5E268A2D8C5E}.Release|Any CPU.Build.0 = Release|Any CPU
	EndGlobalSection
	GlobalSection(SolutionProperties) = preSolution
		HideSolutionNode = FALSE
	EndGlobalSection
	GlobalSection(ExtensibilityGlobals) = postSolution
		SolutionGuid = {7E80F6FE-A519-4354-A859-C8705415D3EA}
	EndGlobalSection
EndGlobal
